{
  "version": "4",
  "specifiers": {
    "npm:@hono/zod-validator@0.5": "0.5.0_hono@4.7.9_zod@3.24.4",
    "npm:hono@^4.7.9": "4.7.9",
    "npm:zod@^3.24.4": "3.24.4"
  },
  "npm": {
    "@hono/zod-validator@0.5.0_hono@4.7.9_zod@3.24.4": {
      "integrity": "sha512-ds5bW6DCgAnNHP33E3ieSbaZFd5dkV52ZjyaXtGoR06APFrCtzAsKZxTHwOrJNBdXsi0e5wNwo5L4nVEVnJUdg==",
      "dependencies": [
        "hono",
        "zod"
      ]
    },
    "hono@4.7.9": {
      "integrity": "sha512-/EsCoR5h7N4yu01TDu9GMCCJa6ZLk5ZJIWFFGNawAXmd1Tp53+Wir4xm0D2X19bbykWUlzQG0+BvPAji6p9E8Q=="
    },
    "zod@3.24.4": {
      "integrity": "sha512-OdqJE9UDRPwWsrHjLN2F8bPxvwJBK22EHLWtanu0LSYr5YqzsaaW3RMgmjwr8Rypg5k+meEJdSPXJZXE/yqOMg=="
    }
  },
  "workspace": {
    "dependencies": [
      "npm:@hono/zod-validator@0.5",
      "npm:hono@^4.7.9",
      "npm:zod@^3.24.4"
    ]
  }
}
